
Microsoft Visual Studio Solution File, Format Version 12.00
# Visual Studio 15
VisualStudioVersion = 15.0.28307.960
MinimumVisualStudioVersion = 10.0.40219.1
Project("{FAE04EC0-301F-11D3-BF4B-00C04F79EFBC}") = "CalcEstacoesAno", "CalcEstacoesAno\CalcEstacoesAno.csproj", "{5B2B6D93-BB70-4843-A6A7-D732A7BB1281}"
EndProject
Global
	GlobalSection(SolutionConfigurationPlatforms) = preSolution
		Debug|Any CPU = Debug|Any CPU
		Release|Any CPU = Release|Any CPU
	EndGlobalSection
	GlobalSection(ProjectConfigurationPlatforms) = postSolution
		{5B2B6D93-BB70-4843-A6A7-D732A7BB1281}.Debug|Any CPU.ActiveCfg = Debug|Any CPU
		{5B2B6D93-BB70-4843-A6A7-D732A7BB1281}.Debug|Any CPU.Build.0 = Debug|Any CPU
		{5B2B6D93-BB70-4843-A6A7-D732A7BB1281}.Release|Any CPU.ActiveCfg = Release|Any CPU
		{5B2B6D93-BB70-4843-A6A7-D732A7BB1281}.Release|Any CPU.Build.0 = Release|Any CPU
	EndGlobalSection
	GlobalSection(SolutionProperties) = preSolution
		HideSolutionNode = FALSE
	EndGlobalSection
	GlobalSection(ExtensibilityGlobals) = postSolution
		SolutionGuid = {235982D9-4768-427E-B019-BB657C060B18}
	EndGlobalSection
EndGlobal
